DEPENDENCIES
  apache2 (~> 3.1.0)
  base
    path: provision/site-cookbooks/base
  composer (~> 2.2.0)
  mariadb
    git: git://github.com/joerocklin/chef-mariadb.git
    revision: 30a0ae719e57036691b6f6ae96719bdf836767e7
    ref: v2.1.1
  nodejs (~> 2.4.2)
  php (~> 1.6.1)
  rbenv
    git: git://github.com/fnichol/chef-rbenv.git
    revision: 7641701406bed1ffbe11b6500284a1d9e2ccc792
    ref: v0.8.1
  ruby_build
  wp-cli (~> 0.1.4)

GRAPH
  7-zip (1.0.2)
    windows (>= 1.2.2)
  apache2 (3.1.0)
  apt (2.8.2)
  ark (0.9.0)
    7-zip (>= 0.0.0)
    windows (>= 0.0.0)
  base (2.1.1)
    apache2 (~> 3.1.0)
    ssl_certificate (~> 1.5.0)
  build-essential (2.2.3)
  chef-sugar (3.1.1)
  chef_handler (1.2.0)
  composer (2.2.0)
    php (>= 0.0.0)
    windows (>= 0.0.0)
  homebrew (1.13.0)
    build-essential (>= 2.1.2)
  iis (4.1.1)
    windows (>= 1.34.6)
  java (1.35.0)
  mariadb (2.1.1)
    apt (~> 2.0)
    build-essential (~> 2.0)
    openssl (~> 2.0)
    yum (~> 3.0)
    yum-epel (>= 0.0.0)
  mysql (6.1.0)
    smf (>= 0.0.0)
    yum-mysql-community (>= 0.0.0)
  nodejs (2.4.2)
    apt (>= 0.0.0)
    ark (>= 0.0.0)
    build-essential (>= 0.0.0)
    homebrew (>= 0.0.0)
    yum-epel (>= 0.0.0)
  openssl (2.0.2)
    chef-sugar (>= 0.0.0)
  php (1.6.1)
    build-essential (>= 0.0.0)
    iis (>= 0.0.0)
    mysql (>= 6.0.0)
    windows (>= 0.0.0)
    xml (>= 0.0.0)
    yum-epel (>= 0.0.0)
  rbac (1.0.3)
  rbenv (0.8.1)
    java (> 1.4.0)
    ruby_build (>= 0.0.0)
  ruby_build (0.8.0)
  smf (2.2.7)
    rbac (>= 1.0.1)
  ssl_certificate (1.5.0)
  windows (1.38.1)
    chef_handler (>= 0.0.0)
  wp-cli (0.1.4)
  xml (1.2.13)
    build-essential (>= 0.0.0)
    chef-sugar (>= 0.0.0)
  yum (3.7.1)
  yum-epel (0.6.2)
    yum (~> 3.2)
  yum-mysql-community (0.1.17)
    yum (>= 3.0)
